{
  "version": 4,
  "terraform_version": "1.12.2",
  "serial": 52,
  "lineage": "ef2ab2c7-4aa3-a194-2826-c481b14df1dd",
  "outputs": {},
  "resources": [
    {
      "module": "module.linux_vm",
      "mode": "data",
      "type": "azurerm_resource_group",
      "name": "rg",
      "provider": "provider[\"registry.terraform.io/hashicorp/azurerm\"]",
      "instances": [
        {
          "schema_version": 0,
          "attributes": {
            "id": "/subscriptions/eb2887d7-d11e-492d-88cb-7b4f39e868a8/resourceGroups/mmfsl-automation",
            "location": "centralindia",
            "managed_by": "",
            "name": "mmfsl-automation",
            "tags": {
              "client": "mmfsl"
            },
            "timeouts": null
          },
          "sensitive_attributes": [],
          "identity_schema_version": 0
        }
      ]
    },
    {
      "module": "module.linux_vm",
      "mode": "managed",
      "type": "azurerm_linux_virtual_machine",
      "name": "vm",
      "provider": "provider[\"registry.terraform.io/hashicorp/azurerm\"]",
      "instances": [
        {
          "schema_version": 0,
          "attributes": {
            "additional_capabilities": [],
            "admin_password": null,
            "admin_ssh_key": [
              {
                "public_key": "ssh-rsa AAAAB3NzaC1yc2EAAAADAQABAAABAQC5j+E1DTQcIf9csbyFkimaEktVr+axUaYSaGFdBIGEWtyWxIe93WRaYXF4PhsA4hDL5ByVYapgGrch3TqC4zV/lYnVyS6gWPgY3NPitK22EbmiqLpUeacZvXrIoLL2uJV7KGwMWhCs+AZ7tSbLYN+SvAR2OSSSiNztTqa9/6mCcfms75IWIEBVwjnboDLmiZwyvUAzC2+Uq5PdxUGEgun8s7AR9L7BfcWRP+hTURdnvGO2E95vrMDo8ksj74646QPFOViuLrBgQvnfEbx90QqgF1pp9EFqZVyMl4dtv/qzj8qnpjLZlUEMR29nW5xYNhY+d6/DlnucRNTDUPAItNtH terraform\n",
                "username": "azureuser"
              }
            ],
            "admin_username": "azureuser",
            "allow_extension_operations": true,
            "availability_set_id": "",
            "boot_diagnostics": [],
            "bypass_platform_safety_checks_on_user_schedule_enabled": false,
            "capacity_reservation_group_id": "",
            "computer_name": "my-linux-vm1",
            "custom_data": null,
            "dedicated_host_group_id": "",
            "dedicated_host_id": "",
            "disable_password_authentication": true,
            "disk_controller_type": "SCSI",
            "edge_zone": "",
            "encryption_at_host_enabled": false,
            "eviction_policy": "",
            "extensions_time_budget": "PT1H30M",
            "gallery_application": [],
            "id": "/subscriptions/eb2887d7-d11e-492d-88cb-7b4f39e868a8/resourceGroups/mmfsl-automation/providers/Microsoft.Compute/virtualMachines/my-linux-vm1",
            "identity": [],
            "license_type": "",
            "location": "centralindia",
            "max_bid_price": -1,
            "name": "my-linux-vm1",
            "network_interface_ids": [
              "/subscriptions/eb2887d7-d11e-492d-88cb-7b4f39e868a8/resourceGroups/mmfsl-automation/providers/Microsoft.Network/networkInterfaces/my-linux-vm1-nic"
            ],
            "os_disk": [
              {
                "caching": "ReadWrite",
                "diff_disk_settings": [],
                "disk_encryption_set_id": "",
                "disk_size_gb": 30,
                "id": "/subscriptions/eb2887d7-d11e-492d-88cb-7b4f39e868a8/resourceGroups/mmfsl-automation/providers/Microsoft.Compute/disks/my-linux-vm1-osdisk",
                "name": "my-linux-vm1-osdisk",
                "secure_vm_disk_encryption_set_id": "",
                "security_encryption_type": "",
                "storage_account_type": "Standard_LRS",
                "write_accelerator_enabled": false
              }
            ],
            "os_image_notification": [],
            "os_managed_disk_id": "/subscriptions/eb2887d7-d11e-492d-88cb-7b4f39e868a8/resourceGroups/mmfsl-automation/providers/Microsoft.Compute/disks/my-linux-vm1-osdisk",
            "patch_assessment_mode": "ImageDefault",
            "patch_mode": "AutomaticByPlatform",
            "plan": [],
            "platform_fault_domain": -1,
            "priority": "Regular",
            "private_ip_address": "10.0.1.4",
            "private_ip_addresses": [
              "10.0.1.4"
            ],
            "provision_vm_agent": true,
            "proximity_placement_group_id": "",
            "public_ip_address": "74.225.172.44",
            "public_ip_addresses": [
              "74.225.172.44"
            ],
            "reboot_setting": "",
            "resource_group_name": "mmfsl-automation",
            "secret": [],
            "secure_boot_enabled": false,
            "size": "Standard_B1s",
            "source_image_id": "",
            "source_image_reference": [
              {
                "offer": "0001-com-ubuntu-server-jammy",
                "publisher": "Canonical",
                "sku": "22_04-lts-gen2",
                "version": "latest"
              }
            ],
            "tags": {},
            "termination_notification": [],
            "timeouts": null,
            "user_data": "",
            "virtual_machine_id": "84475ba6-a2de-4782-bbfa-b072d3b884d8",
            "virtual_machine_scale_set_id": "",
            "vm_agent_platform_updates_enabled": false,
            "vtpm_enabled": false,
            "zone": ""
          },
          "sensitive_attributes": [
            [
              {
                "type": "get_attr",
                "value": "admin_password"
              }
            ],
            [
              {
                "type": "get_attr",
                "value": "custom_data"
              }
            ]
          ],
          "identity_schema_version": 0,
          "private": "eyJlMmJmYjczMC1lY2FhLTExZTYtOGY4OC0zNDM2M2JjN2M0YzAiOnsiY3JlYXRlIjoyNzAwMDAwMDAwMDAwLCJkZWxldGUiOjI3MDAwMDAwMDAwMDAsInJlYWQiOjMwMDAwMDAwMDAwMCwidXBkYXRlIjoyNzAwMDAwMDAwMDAwfX0=",
          "dependencies": [
            "module.linux_vm.azurerm_network_interface.nic",
            "module.linux_vm.azurerm_public_ip.public_ip",
            "module.linux_vm.azurerm_subnet.subnet",
            "module.linux_vm.azurerm_virtual_network.vnet",
            "module.linux_vm.data.azurerm_resource_group.rg"
          ]
        }
      ]
    },
    {
      "module": "module.linux_vm",
      "mode": "managed",
      "type": "azurerm_managed_disk",
      "name": "data_disk",
      "provider": "provider[\"registry.terraform.io/hashicorp/azurerm\"]",
      "instances": [
        {
          "schema_version": 1,
          "attributes": {
            "create_option": "Empty",
            "disk_access_id": "",
            "disk_encryption_set_id": "",
            "disk_iops_read_only": 0,
            "disk_iops_read_write": 500,
            "disk_mbps_read_only": 0,
            "disk_mbps_read_write": 60,
            "disk_size_gb": 30,
            "edge_zone": "",
            "encryption_settings": [],
            "gallery_image_reference_id": "",
            "hyper_v_generation": "",
            "id": "/subscriptions/eb2887d7-d11e-492d-88cb-7b4f39e868a8/resourceGroups/mmfsl-automation/providers/Microsoft.Compute/disks/testdisk1",
            "image_reference_id": "",
            "location": "centralindia",
            "logical_sector_size": null,
            "max_shares": 0,
            "name": "testdisk1",
            "network_access_policy": "AllowAll",
            "on_demand_bursting_enabled": false,
            "optimized_frequent_attach_enabled": false,
            "os_type": "",
            "performance_plus_enabled": false,
            "public_network_access_enabled": true,
            "resource_group_name": "mmfsl-automation",
            "secure_vm_disk_encryption_set_id": "",
            "security_type": "",
            "source_resource_id": "",
            "source_uri": "",
            "storage_account_id": "",
            "storage_account_type": "Standard_LRS",
            "tags": {
              "Application-Name": "mf",
              "Environment": "Development",
              "Owner-Name": "Akshay",
              "Project-Name": "Mahindra AI"
            },
            "tier": "",
            "timeouts": null,
            "trusted_launch_enabled": false,
            "upload_size_bytes": 0,
            "zone": "1"
          },
          "sensitive_attributes": [],
          "identity_schema_version": 0,
          "identity": {
            "name": "testdisk1",
            "resource_group_name": "mmfsl-automation",
            "subscription_id": "eb2887d7-d11e-492d-88cb-7b4f39e868a8"
          },
          "private": "eyJlMmJmYjczMC1lY2FhLTExZTYtOGY4OC0zNDM2M2JjN2M0YzAiOnsiY3JlYXRlIjoxODAwMDAwMDAwMDAwLCJkZWxldGUiOjE4MDAwMDAwMDAwMDAsInJlYWQiOjMwMDAwMDAwMDAwMCwidXBkYXRlIjoxODAwMDAwMDAwMDAwfSwic2NoZW1hX3ZlcnNpb24iOiIxIn0=",
          "dependencies": [
            "module.linux_vm.data.azurerm_resource_group.rg"
          ]
        }
      ]
    },
    {
      "module": "module.linux_vm",
      "mode": "managed",
      "type": "azurerm_network_interface",
      "name": "nic",
      "provider": "provider[\"registry.terraform.io/hashicorp/azurerm\"]",
      "instances": [
        {
          "schema_version": 0,
          "attributes": {
            "accelerated_networking_enabled": false,
            "applied_dns_servers": [],
            "auxiliary_mode": "",
            "auxiliary_sku": "",
            "dns_servers": [],
            "edge_zone": "",
            "id": "/subscriptions/eb2887d7-d11e-492d-88cb-7b4f39e868a8/resourceGroups/mmfsl-automation/providers/Microsoft.Network/networkInterfaces/my-linux-vm1-nic",
            "internal_dns_name_label": "",
            "internal_domain_name_suffix": "5fuetabpk0pubanynjnvkal4ad.rx.internal.cloudapp.net",
            "ip_configuration": [
              {
                "gateway_load_balancer_frontend_ip_configuration_id": "",
                "name": "internal",
                "primary": true,
                "private_ip_address": "10.0.1.4",
                "private_ip_address_allocation": "Dynamic",
                "private_ip_address_version": "IPv4",
                "public_ip_address_id": "/subscriptions/eb2887d7-d11e-492d-88cb-7b4f39e868a8/resourceGroups/mmfsl-automation/providers/Microsoft.Network/publicIPAddresses/my-linux-vm1-ip",
                "subnet_id": "/subscriptions/eb2887d7-d11e-492d-88cb-7b4f39e868a8/resourceGroups/mmfsl-automation/providers/Microsoft.Network/virtualNetworks/my-vnet1/subnets/my-subnet1"
              }
            ],
            "ip_forwarding_enabled": false,
            "location": "centralindia",
            "mac_address": "00-22-48-D4-FB-12",
            "name": "my-linux-vm1-nic",
            "private_ip_address": "10.0.1.4",
            "private_ip_addresses": [
              "10.0.1.4"
            ],
            "resource_group_name": "mmfsl-automation",
            "tags": {},
            "timeouts": null,
            "virtual_machine_id": "/subscriptions/eb2887d7-d11e-492d-88cb-7b4f39e868a8/resourceGroups/mmfsl-automation/providers/Microsoft.Compute/virtualMachines/my-linux-vm1"
          },
          "sensitive_attributes": [],
          "identity_schema_version": 0,
          "identity": {
            "name": "my-linux-vm1-nic",
            "resource_group_name": "mmfsl-automation",
            "subscription_id": "eb2887d7-d11e-492d-88cb-7b4f39e868a8"
          },
          "private": "eyJlMmJmYjczMC1lY2FhLTExZTYtOGY4OC0zNDM2M2JjN2M0YzAiOnsiY3JlYXRlIjoxODAwMDAwMDAwMDAwLCJkZWxldGUiOjE4MDAwMDAwMDAwMDAsInJlYWQiOjMwMDAwMDAwMDAwMCwidXBkYXRlIjoxODAwMDAwMDAwMDAwfX0=",
          "dependencies": [
            "module.linux_vm.azurerm_public_ip.public_ip",
            "module.linux_vm.azurerm_subnet.subnet",
            "module.linux_vm.azurerm_virtual_network.vnet",
            "module.linux_vm.data.azurerm_resource_group.rg"
          ]
        }
      ]
    },
    {
      "module": "module.linux_vm",
      "mode": "managed",
      "type": "azurerm_network_interface_security_group_association",
      "name": "nsg_assoc",
      "provider": "provider[\"registry.terraform.io/hashicorp/azurerm\"]",
      "instances": [
        {
          "schema_version": 0,
          "attributes": {
            "id": "/subscriptions/eb2887d7-d11e-492d-88cb-7b4f39e868a8/resourceGroups/mmfsl-automation/providers/Microsoft.Network/networkInterfaces/my-linux-vm1-nic|/subscriptions/eb2887d7-d11e-492d-88cb-7b4f39e868a8/resourceGroups/mmfsl-automation/providers/Microsoft.Network/networkSecurityGroups/my-linux-vm1-nsg",
            "network_interface_id": "/subscriptions/eb2887d7-d11e-492d-88cb-7b4f39e868a8/resourceGroups/mmfsl-automation/providers/Microsoft.Network/networkInterfaces/my-linux-vm1-nic",
            "network_security_group_id": "/subscriptions/eb2887d7-d11e-492d-88cb-7b4f39e868a8/resourceGroups/mmfsl-automation/providers/Microsoft.Network/networkSecurityGroups/my-linux-vm1-nsg",
            "timeouts": null
          },
          "sensitive_attributes": [],
          "identity_schema_version": 0,
          "private": "eyJlMmJmYjczMC1lY2FhLTExZTYtOGY4OC0zNDM2M2JjN2M0YzAiOnsiY3JlYXRlIjoxODAwMDAwMDAwMDAwLCJkZWxldGUiOjE4MDAwMDAwMDAwMDAsInJlYWQiOjMwMDAwMDAwMDAwMH19",
          "dependencies": [
            "module.linux_vm.azurerm_network_interface.nic",
            "module.linux_vm.azurerm_network_security_group.nsg",
            "module.linux_vm.azurerm_public_ip.public_ip",
            "module.linux_vm.azurerm_subnet.subnet",
            "module.linux_vm.azurerm_virtual_network.vnet",
            "module.linux_vm.data.azurerm_resource_group.rg"
          ]
        }
      ]
    },
    {
      "module": "module.linux_vm",
      "mode": "managed",
      "type": "azurerm_network_security_group",
      "name": "nsg",
      "provider": "provider[\"registry.terraform.io/hashicorp/azurerm\"]",
      "instances": [
        {
          "schema_version": 0,
          "attributes": {
            "id": "/subscriptions/eb2887d7-d11e-492d-88cb-7b4f39e868a8/resourceGroups/mmfsl-automation/providers/Microsoft.Network/networkSecurityGroups/my-linux-vm1-nsg",
            "location": "centralindia",
            "name": "my-linux-vm1-nsg",
            "resource_group_name": "mmfsl-automation",
            "security_rule": [
              {
                "access": "Allow",
                "description": "",
                "destination_address_prefix": "*",
                "destination_address_prefixes": [],
                "destination_application_security_group_ids": [],
                "destination_port_range": "22",
                "destination_port_ranges": [],
                "direction": "Inbound",
                "name": "SSH",
                "priority": 1001,
                "protocol": "Tcp",
                "source_address_prefix": "*",
                "source_address_prefixes": [],
                "source_application_security_group_ids": [],
                "source_port_range": "*",
                "source_port_ranges": []
              }
            ],
            "tags": {},
            "timeouts": null
          },
          "sensitive_attributes": [],
          "identity_schema_version": 0,
          "identity": {
            "name": "my-linux-vm1-nsg",
            "resource_group_name": "mmfsl-automation",
            "subscription_id": "eb2887d7-d11e-492d-88cb-7b4f39e868a8"
          },
          "private": "eyJlMmJmYjczMC1lY2FhLTExZTYtOGY4OC0zNDM2M2JjN2M0YzAiOnsiY3JlYXRlIjoxODAwMDAwMDAwMDAwLCJkZWxldGUiOjE4MDAwMDAwMDAwMDAsInJlYWQiOjMwMDAwMDAwMDAwMCwidXBkYXRlIjoxODAwMDAwMDAwMDAwfX0=",
          "dependencies": [
            "module.linux_vm.data.azurerm_resource_group.rg"
          ]
        }
      ]
    },
    {
      "module": "module.linux_vm",
      "mode": "managed",
      "type": "azurerm_public_ip",
      "name": "public_ip",
      "provider": "provider[\"registry.terraform.io/hashicorp/azurerm\"]",
      "instances": [
        {
          "schema_version": 0,
          "attributes": {
            "allocation_method": "Dynamic",
            "ddos_protection_mode": "VirtualNetworkInherited",
            "ddos_protection_plan_id": null,
            "domain_name_label": null,
            "domain_name_label_scope": null,
            "edge_zone": "",
            "fqdn": null,
            "id": "/subscriptions/eb2887d7-d11e-492d-88cb-7b4f39e868a8/resourceGroups/mmfsl-automation/providers/Microsoft.Network/publicIPAddresses/my-linux-vm1-ip",
            "idle_timeout_in_minutes": 4,
            "ip_address": "74.225.172.44",
            "ip_tags": {},
            "ip_version": "IPv4",
            "location": "centralindia",
            "name": "my-linux-vm1-ip",
            "public_ip_prefix_id": null,
            "resource_group_name": "mmfsl-automation",
            "reverse_fqdn": null,
            "sku": "Basic",
            "sku_tier": "Regional",
            "tags": {},
            "timeouts": null,
            "zones": []
          },
          "sensitive_attributes": [],
          "identity_schema_version": 0,
          "private": "eyJlMmJmYjczMC1lY2FhLTExZTYtOGY4OC0zNDM2M2JjN2M0YzAiOnsiY3JlYXRlIjoxODAwMDAwMDAwMDAwLCJkZWxldGUiOjE4MDAwMDAwMDAwMDAsInJlYWQiOjMwMDAwMDAwMDAwMCwidXBkYXRlIjoxODAwMDAwMDAwMDAwfX0=",
          "dependencies": [
            "module.linux_vm.data.azurerm_resource_group.rg"
          ]
        }
      ]
    },
    {
      "module": "module.linux_vm",
      "mode": "managed",
      "type": "azurerm_subnet",
      "name": "subnet",
      "provider": "provider[\"registry.terraform.io/hashicorp/azurerm\"]",
      "instances": [
        {
          "schema_version": 0,
          "attributes": {
            "address_prefixes": [
              "10.0.1.0/24"
            ],
            "default_outbound_access_enabled": true,
            "delegation": [],
            "id": "/subscriptions/eb2887d7-d11e-492d-88cb-7b4f39e868a8/resourceGroups/mmfsl-automation/providers/Microsoft.Network/virtualNetworks/my-vnet1/subnets/my-subnet1",
            "ip_address_pool": [],
            "name": "my-subnet1",
            "private_endpoint_network_policies": "Disabled",
            "private_link_service_network_policies_enabled": true,
            "resource_group_name": "mmfsl-automation",
            "service_endpoint_policy_ids": [],
            "service_endpoints": [],
            "sharing_scope": "",
            "timeouts": null,
            "virtual_network_name": "my-vnet1"
          },
          "sensitive_attributes": [],
          "identity_schema_version": 0,
          "identity": {
            "name": "my-subnet1",
            "resource_group_name": "mmfsl-automation",
            "subscription_id": "eb2887d7-d11e-492d-88cb-7b4f39e868a8",
            "virtual_network_name": "my-vnet1"
          },
          "private": "eyJlMmJmYjczMC1lY2FhLTExZTYtOGY4OC0zNDM2M2JjN2M0YzAiOnsiY3JlYXRlIjoxODAwMDAwMDAwMDAwLCJkZWxldGUiOjE4MDAwMDAwMDAwMDAsInJlYWQiOjMwMDAwMDAwMDAwMCwidXBkYXRlIjoxODAwMDAwMDAwMDAwfX0=",
          "dependencies": [
            "module.linux_vm.azurerm_virtual_network.vnet",
            "module.linux_vm.data.azurerm_resource_group.rg"
          ]
        }
      ]
    },
    {
      "module": "module.linux_vm",
      "mode": "managed",
      "type": "azurerm_virtual_machine_data_disk_attachment",
      "name": "attach_disk",
      "provider": "provider[\"registry.terraform.io/hashicorp/azurerm\"]",
      "instances": [
        {
          "schema_version": 0,
          "attributes": {
            "caching": "ReadWrite",
            "create_option": "Attach",
            "id": "/subscriptions/eb2887d7-d11e-492d-88cb-7b4f39e868a8/resourceGroups/mmfsl-automation/providers/Microsoft.Compute/virtualMachines/my-linux-vm1/dataDisks/testdisk1",
            "lun": 0,
            "managed_disk_id": "/subscriptions/eb2887d7-d11e-492d-88cb-7b4f39e868a8/resourceGroups/mmfsl-automation/providers/Microsoft.Compute/disks/testdisk1",
            "timeouts": null,
            "virtual_machine_id": "/subscriptions/eb2887d7-d11e-492d-88cb-7b4f39e868a8/resourceGroups/mmfsl-automation/providers/Microsoft.Compute/virtualMachines/my-linux-vm1",
            "write_accelerator_enabled": false
          },
          "sensitive_attributes": [],
          "identity_schema_version": 0,
          "private": "eyJlMmJmYjczMC1lY2FhLTExZTYtOGY4OC0zNDM2M2JjN2M0YzAiOnsiY3JlYXRlIjoxODAwMDAwMDAwMDAwLCJkZWxldGUiOjE4MDAwMDAwMDAwMDAsInJlYWQiOjMwMDAwMDAwMDAwMCwidXBkYXRlIjoxODAwMDAwMDAwMDAwfX0=",
          "dependencies": [
            "module.linux_vm.azurerm_linux_virtual_machine.vm",
            "module.linux_vm.azurerm_managed_disk.data_disk",
            "module.linux_vm.azurerm_network_interface.nic",
            "module.linux_vm.azurerm_public_ip.public_ip",
            "module.linux_vm.azurerm_subnet.subnet",
            "module.linux_vm.azurerm_virtual_network.vnet",
            "module.linux_vm.data.azurerm_resource_group.rg"
          ]
        }
      ]
    },
    {
      "module": "module.linux_vm",
      "mode": "managed",
      "type": "azurerm_virtual_network",
      "name": "vnet",
      "provider": "provider[\"registry.terraform.io/hashicorp/azurerm\"]",
      "instances": [
        {
          "schema_version": 0,
          "attributes": {
            "address_space": [
              "10.0.0.0/16"
            ],
            "bgp_community": "",
            "ddos_protection_plan": [],
            "dns_servers": [],
            "edge_zone": "",
            "encryption": [],
            "flow_timeout_in_minutes": 0,
            "guid": "804968f9-562f-409f-81b8-6a5b55017e03",
            "id": "/subscriptions/eb2887d7-d11e-492d-88cb-7b4f39e868a8/resourceGroups/mmfsl-automation/providers/Microsoft.Network/virtualNetworks/my-vnet1",
            "ip_address_pool": [],
            "location": "centralindia",
            "name": "my-vnet1",
            "private_endpoint_vnet_policies": "Disabled",
            "resource_group_name": "mmfsl-automation",
            "subnet": [
              {
                "address_prefixes": [
                  "10.0.1.0/24"
                ],
                "default_outbound_access_enabled": true,
                "delegation": [],
                "id": "/subscriptions/eb2887d7-d11e-492d-88cb-7b4f39e868a8/resourceGroups/mmfsl-automation/providers/Microsoft.Network/virtualNetworks/my-vnet1/subnets/my-subnet1",
                "name": "my-subnet1",
                "private_endpoint_network_policies": "Disabled",
                "private_link_service_network_policies_enabled": true,
                "route_table_id": "",
                "security_group": "",
                "service_endpoint_policy_ids": [],
                "service_endpoints": []
              }
            ],
            "tags": {},
            "timeouts": null
          },
          "sensitive_attributes": [],
          "identity_schema_version": 0,
          "identity": {
            "name": "my-vnet1",
            "resource_group_name": "mmfsl-automation",
            "subscription_id": "eb2887d7-d11e-492d-88cb-7b4f39e868a8"
          },
          "private": "eyJlMmJmYjczMC1lY2FhLTExZTYtOGY4OC0zNDM2M2JjN2M0YzAiOnsiY3JlYXRlIjoxODAwMDAwMDAwMDAwLCJkZWxldGUiOjE4MDAwMDAwMDAwMDAsInJlYWQiOjMwMDAwMDAwMDAwMCwidXBkYXRlIjoxODAwMDAwMDAwMDAwfX0=",
          "dependencies": [
            "module.linux_vm.data.azurerm_resource_group.rg"
          ]
        }
      ]
    }
  ],
  "check_results": null
}
